
Microsoft Visual Studio Solution File, Format Version 12.00
# Visual Studio Version 16
VisualStudioVersion = 16.0.30907.101
MinimumVisualStudioVersion = 10.0.40219.1
Project("{9A19103F-16F7-4668-BE54-9A1E7A4F7556}") = "DrawingWithArrays", "ConsoleNumberApp\DrawingWithArrays.csproj", "{D052BC73-613B-49C8-BCEA-B2E9F4D8DDD1}"
EndProject
Project("{9A19103F-16F7-4668-BE54-9A1E7A4F7556}") = "Battleship", "Battleship\Battleship.csproj", "{E16D8933-42A3-4F29-9D86-6762EC79B44F}"
EndProject
Global
	GlobalSection(SolutionConfigurationPlatforms) = preSolution
		Debug|Any CPU = Debug|Any CPU
		Release|Any CPU = Release|Any CPU
	EndGlobalSection
	GlobalSection(ProjectConfigurationPlatforms) = postSolution
		{D052BC73-613B-49C8-BCEA-B2E9F4D8DDD1}.Debug|Any CPU.ActiveCfg = Debug|Any CPU
		{D052BC73-613B-49C8-BCEA-B2E9F4D8DDD1}.Debug|Any CPU.Build.0 = Debug|Any CPU
		{D052BC73-613B-49C8-BCEA-B2E9F4D8DDD1}.Release|Any CPU.ActiveCfg = Release|Any CPU
		{D052BC73-613B-49C8-BCEA-B2E9F4D8DDD1}.Release|Any CPU.Build.0 = Release|Any CPU
		{E16D8933-42A3-4F29-9D86-6762EC79B44F}.Debug|Any CPU.ActiveCfg = Debug|Any CPU
		{E16D8933-42A3-4F29-9D86-6762EC79B44F}.Debug|Any CPU.Build.0 = Debug|Any CPU
		{E16D8933-42A3-4F29-9D86-6762EC79B44F}.Release|Any CPU.ActiveCfg = Release|Any CPU
		{E16D8933-42A3-4F29-9D86-6762EC79B44F}.Release|Any CPU.Build.0 = Release|Any CPU
	EndGlobalSection
	GlobalSection(SolutionProperties) = preSolution
		HideSolutionNode = FALSE
	EndGlobalSection
	GlobalSection(ExtensibilityGlobals) = postSolution
		SolutionGuid = {BAA62E8A-32E7-49AF-9CAA-10653C51841D}
	EndGlobalSection
EndGlobal
