
Microsoft Visual Studio Solution File, Format Version 12.00
# Visual Studio Version 16
VisualStudioVersion = 16.0.30907.101
MinimumVisualStudioVersion = 10.0.40219.1
Project("{9A19103F-16F7-4668-BE54-9A1E7A4F7556}") = "DrawingWithArrays", "ConsoleNumberApp\DrawingWithArrays.csproj", "{D052BC73-613B-49C8-BCEA-B2E9F4D8DDD1}"
EndProject
Project("{FAE04EC0-301F-11D3-BF4B-00C04F79EFBC}") = "Explorer", "Explorer\Explorer.csproj", "{3383D8F8-3B6A-4154-B908-3B7E186E7AD8}"
EndProject
Project("{2150E333-8FDC-42A3-9474-1A3956D46DE8}") = "Solution Items", "Solution Items", "{9427CADF-D3CD-4B5D-BC77-888A4140D33D}"
	ProjectSection(SolutionItems) = preProject
		Readme.md = Readme.md
	EndProjectSection
EndProject
Global
	GlobalSection(SolutionConfigurationPlatforms) = preSolution
		Debug|Any CPU = Debug|Any CPU
		Release|Any CPU = Release|Any CPU
	EndGlobalSection
	GlobalSection(ProjectConfigurationPlatforms) = postSolution
		{D052BC73-613B-49C8-BCEA-B2E9F4D8DDD1}.Debug|Any CPU.ActiveCfg = Debug|Any CPU
		{D052BC73-613B-49C8-BCEA-B2E9F4D8DDD1}.Debug|Any CPU.Build.0 = Debug|Any CPU
		{D052BC73-613B-49C8-BCEA-B2E9F4D8DDD1}.Release|Any CPU.ActiveCfg = Release|Any CPU
		{D052BC73-613B-49C8-BCEA-B2E9F4D8DDD1}.Release|Any CPU.Build.0 = Release|Any CPU
		{3383D8F8-3B6A-4154-B908-3B7E186E7AD8}.Debug|Any CPU.ActiveCfg = Debug|Any CPU
		{3383D8F8-3B6A-4154-B908-3B7E186E7AD8}.Debug|Any CPU.Build.0 = Debug|Any CPU
		{3383D8F8-3B6A-4154-B908-3B7E186E7AD8}.Release|Any CPU.ActiveCfg = Release|Any CPU
		{3383D8F8-3B6A-4154-B908-3B7E186E7AD8}.Release|Any CPU.Build.0 = Release|Any CPU
	EndGlobalSection
	GlobalSection(SolutionProperties) = preSolution
		HideSolutionNode = FALSE
	EndGlobalSection
	GlobalSection(ExtensibilityGlobals) = postSolution
		SolutionGuid = {BAA62E8A-32E7-49AF-9CAA-10653C51841D}
	EndGlobalSection
EndGlobal
