
Microsoft Visual Studio Solution File, Format Version 12.00
# Visual Studio Version 17
VisualStudioVersion = 17.0.32014.148
MinimumVisualStudioVersion = 10.0.40219.1
Project("{9A19103F-16F7-4668-BE54-9A1E7A4F7556}") = "DrawingWithArrays", "ConsoleNumberApp\DrawingWithArrays.csproj", "{D052BC73-613B-49C8-BCEA-B2E9F4D8DDD1}"
EndProject
Project("{9A19103F-16F7-4668-BE54-9A1E7A4F7556}") = "Explorer", "Explorer\Explorer.csproj", "{3383D8F8-3B6A-4154-B908-3B7E186E7AD8}"
EndProject
Project("{2150E333-8FDC-42A3-9474-1A3956D46DE8}") = "Solution Items", "Solution Items", "{9427CADF-D3CD-4B5D-BC77-888A4140D33D}"
	ProjectSection(SolutionItems) = preProject
		Readme.md = Readme.md
	EndProjectSection
EndProject
Project("{9A19103F-16F7-4668-BE54-9A1E7A4F7556}") = "PersonList", "PersonList\PersonList.csproj", "{0C3610FC-88D5-47FE-8206-A32CD82878AB}"
EndProject
Project("{9A19103F-16F7-4668-BE54-9A1E7A4F7556}") = "IntList", "IntList\IntList.csproj", "{1FF7BF3B-E051-4976-BB39-960C27881ACE}"
EndProject
Project("{9A19103F-16F7-4668-BE54-9A1E7A4F7556}") = "Robot", "Robot\Robot.csproj", "{644E9107-CDD5-4D04-944A-83FF7BB4E622}"
EndProject
Project("{2150E333-8FDC-42A3-9474-1A3956D46DE8}") = "Old", "Old", "{E8971203-1E98-4010-9A28-5755244566ED}"
EndProject
Project("{2150E333-8FDC-42A3-9474-1A3956D46DE8}") = "1-Robot", "1-Robot", "{0668765C-A23D-4E24-A8B0-F92DBC4980BF}"
EndProject
Global
	GlobalSection(SolutionConfigurationPlatforms) = preSolution
		Debug|Any CPU = Debug|Any CPU
		Release|Any CPU = Release|Any CPU
	EndGlobalSection
	GlobalSection(ProjectConfigurationPlatforms) = postSolution
		{D052BC73-613B-49C8-BCEA-B2E9F4D8DDD1}.Debug|Any CPU.ActiveCfg = Debug|Any CPU
		{D052BC73-613B-49C8-BCEA-B2E9F4D8DDD1}.Debug|Any CPU.Build.0 = Debug|Any CPU
		{D052BC73-613B-49C8-BCEA-B2E9F4D8DDD1}.Release|Any CPU.ActiveCfg = Release|Any CPU
		{D052BC73-613B-49C8-BCEA-B2E9F4D8DDD1}.Release|Any CPU.Build.0 = Release|Any CPU
		{3383D8F8-3B6A-4154-B908-3B7E186E7AD8}.Debug|Any CPU.ActiveCfg = Debug|Any CPU
		{3383D8F8-3B6A-4154-B908-3B7E186E7AD8}.Debug|Any CPU.Build.0 = Debug|Any CPU
		{3383D8F8-3B6A-4154-B908-3B7E186E7AD8}.Release|Any CPU.ActiveCfg = Release|Any CPU
		{3383D8F8-3B6A-4154-B908-3B7E186E7AD8}.Release|Any CPU.Build.0 = Release|Any CPU
		{0C3610FC-88D5-47FE-8206-A32CD82878AB}.Debug|Any CPU.ActiveCfg = Debug|Any CPU
		{0C3610FC-88D5-47FE-8206-A32CD82878AB}.Debug|Any CPU.Build.0 = Debug|Any CPU
		{0C3610FC-88D5-47FE-8206-A32CD82878AB}.Release|Any CPU.ActiveCfg = Release|Any CPU
		{0C3610FC-88D5-47FE-8206-A32CD82878AB}.Release|Any CPU.Build.0 = Release|Any CPU
		{1FF7BF3B-E051-4976-BB39-960C27881ACE}.Debug|Any CPU.ActiveCfg = Debug|Any CPU
		{1FF7BF3B-E051-4976-BB39-960C27881ACE}.Debug|Any CPU.Build.0 = Debug|Any CPU
		{1FF7BF3B-E051-4976-BB39-960C27881ACE}.Release|Any CPU.ActiveCfg = Release|Any CPU
		{1FF7BF3B-E051-4976-BB39-960C27881ACE}.Release|Any CPU.Build.0 = Release|Any CPU
		{644E9107-CDD5-4D04-944A-83FF7BB4E622}.Debug|Any CPU.ActiveCfg = Debug|Any CPU
		{644E9107-CDD5-4D04-944A-83FF7BB4E622}.Debug|Any CPU.Build.0 = Debug|Any CPU
		{644E9107-CDD5-4D04-944A-83FF7BB4E622}.Release|Any CPU.ActiveCfg = Release|Any CPU
		{644E9107-CDD5-4D04-944A-83FF7BB4E622}.Release|Any CPU.Build.0 = Release|Any CPU
	EndGlobalSection
	GlobalSection(SolutionProperties) = preSolution
		HideSolutionNode = FALSE
	EndGlobalSection
	GlobalSection(NestedProjects) = preSolution
		{D052BC73-613B-49C8-BCEA-B2E9F4D8DDD1} = {E8971203-1E98-4010-9A28-5755244566ED}
		{3383D8F8-3B6A-4154-B908-3B7E186E7AD8} = {E8971203-1E98-4010-9A28-5755244566ED}
		{0C3610FC-88D5-47FE-8206-A32CD82878AB} = {E8971203-1E98-4010-9A28-5755244566ED}
		{1FF7BF3B-E051-4976-BB39-960C27881ACE} = {E8971203-1E98-4010-9A28-5755244566ED}
		{644E9107-CDD5-4D04-944A-83FF7BB4E622} = {0668765C-A23D-4E24-A8B0-F92DBC4980BF}
	EndGlobalSection
	GlobalSection(ExtensibilityGlobals) = postSolution
		SolutionGuid = {BAA62E8A-32E7-49AF-9CAA-10653C51841D}
	EndGlobalSection
EndGlobal
